
Microsoft Visual Studio Solution File, Format Version 12.00
Project("{FAE04EC0-301F-11D3-BF4B-00C04F79EFBC}") = "Sample.Api", "Sample.Api\Sample.Api.csproj", "{D459961C-7921-4FAF-8054-E7286F356B8E}"
EndProject
Project("{FAE04EC0-301F-11D3-BF4B-00C04F79EFBC}") = "Sample.Contracts", "Sample.Contracts\Sample.Contracts.csproj", "{A3CC96BD-B46F-400C-9E92-5AE25938A072}"
EndProject
Project("{FAE04EC0-301F-11D3-BF4B-00C04F79EFBC}") = "Sample.Components", "Sample.Components\Sample.Components.csproj", "{E32C1DD3-666A-46A6-A82B-4D43659DAC8B}"
EndProject
Project("{FAE04EC0-301F-11D3-BF4B-00C04F79EFBC}") = "Sample.Service", "Sample.Service\Sample.Service.csproj", "{08F4D4D6-C8C8-40EA-8756-25989D1E8E9D}"
EndProject
Project("{FAE04EC0-301F-11D3-BF4B-00C04F79EFBC}") = "Sample.Components.Test", "Sample.Components.Test\Sample.Components.Test.csproj", "{7FBB9DF6-9F62-4D47-87E0-168E155E4DED}"
EndProject
Project("{2150E333-8FDC-42A3-9474-1A3956D46DE8}") = "src", "src", "{355439D2-878D-402D-9B6F-6DFB61FD3C56}"
EndProject
Project("{2150E333-8FDC-42A3-9474-1A3956D46DE8}") = "test", "test", "{CE2B5903-E96B-4326-8B51-94990B9B4DC6}"
EndProject
Project("{2150E333-8FDC-42A3-9474-1A3956D46DE8}") = "Warehouse", "Warehouse", "{7B5B13D9-8839-434A-9010-DFF3C339D950}"
EndProject
Project("{FAE04EC0-301F-11D3-BF4B-00C04F79EFBC}") = "Warehouse.Contracts", "Warehouse.Contracts\Warehouse.Contracts.csproj", "{9532780E-B6CF-4237-BC5F-DA3F86D0BEF4}"
EndProject
Project("{FAE04EC0-301F-11D3-BF4B-00C04F79EFBC}") = "Warehouse.Service", "Warehouse.Service\Warehouse.Service.csproj", "{BCACE1D3-1414-4A06-BAB0-4E900B0633BA}"
EndProject
Project("{FAE04EC0-301F-11D3-BF4B-00C04F79EFBC}") = "Warehouse.Components", "Warehouse.Components\Warehouse.Components.csproj", "{7EA0D9BB-4958-40A2-966D-F2DA38C210AA}"
EndProject
Project("{FAE04EC0-301F-11D3-BF4B-00C04F79EFBC}") = "Sample.Batch.Producer", "Sample.Batch.Producer\Sample.Batch.Producer.csproj", "{F1EEABD2-15DA-4A92-AF85-71397D55A685}"
EndProject
Global
	GlobalSection(SolutionConfigurationPlatforms) = preSolution
		Debug|Any CPU = Debug|Any CPU
		Release|Any CPU = Release|Any CPU
	EndGlobalSection
	GlobalSection(ProjectConfigurationPlatforms) = postSolution
		{D459961C-7921-4FAF-8054-E7286F356B8E}.Debug|Any CPU.ActiveCfg = Debug|Any CPU
		{D459961C-7921-4FAF-8054-E7286F356B8E}.Debug|Any CPU.Build.0 = Debug|Any CPU
		{D459961C-7921-4FAF-8054-E7286F356B8E}.Release|Any CPU.ActiveCfg = Release|Any CPU
		{D459961C-7921-4FAF-8054-E7286F356B8E}.Release|Any CPU.Build.0 = Release|Any CPU
		{A3CC96BD-B46F-400C-9E92-5AE25938A072}.Debug|Any CPU.ActiveCfg = Debug|Any CPU
		{A3CC96BD-B46F-400C-9E92-5AE25938A072}.Debug|Any CPU.Build.0 = Debug|Any CPU
		{A3CC96BD-B46F-400C-9E92-5AE25938A072}.Release|Any CPU.ActiveCfg = Release|Any CPU
		{A3CC96BD-B46F-400C-9E92-5AE25938A072}.Release|Any CPU.Build.0 = Release|Any CPU
		{E32C1DD3-666A-46A6-A82B-4D43659DAC8B}.Debug|Any CPU.ActiveCfg = Debug|Any CPU
		{E32C1DD3-666A-46A6-A82B-4D43659DAC8B}.Debug|Any CPU.Build.0 = Debug|Any CPU
		{E32C1DD3-666A-46A6-A82B-4D43659DAC8B}.Release|Any CPU.ActiveCfg = Release|Any CPU
		{E32C1DD3-666A-46A6-A82B-4D43659DAC8B}.Release|Any CPU.Build.0 = Release|Any CPU
		{08F4D4D6-C8C8-40EA-8756-25989D1E8E9D}.Debug|Any CPU.ActiveCfg = Debug|Any CPU
		{08F4D4D6-C8C8-40EA-8756-25989D1E8E9D}.Debug|Any CPU.Build.0 = Debug|Any CPU
		{08F4D4D6-C8C8-40EA-8756-25989D1E8E9D}.Release|Any CPU.ActiveCfg = Release|Any CPU
		{08F4D4D6-C8C8-40EA-8756-25989D1E8E9D}.Release|Any CPU.Build.0 = Release|Any CPU
		{7FBB9DF6-9F62-4D47-87E0-168E155E4DED}.Debug|Any CPU.ActiveCfg = Debug|Any CPU
		{7FBB9DF6-9F62-4D47-87E0-168E155E4DED}.Debug|Any CPU.Build.0 = Debug|Any CPU
		{7FBB9DF6-9F62-4D47-87E0-168E155E4DED}.Release|Any CPU.ActiveCfg = Release|Any CPU
		{7FBB9DF6-9F62-4D47-87E0-168E155E4DED}.Release|Any CPU.Build.0 = Release|Any CPU
		{9532780E-B6CF-4237-BC5F-DA3F86D0BEF4}.Debug|Any CPU.ActiveCfg = Debug|Any CPU
		{9532780E-B6CF-4237-BC5F-DA3F86D0BEF4}.Debug|Any CPU.Build.0 = Debug|Any CPU
		{9532780E-B6CF-4237-BC5F-DA3F86D0BEF4}.Release|Any CPU.ActiveCfg = Release|Any CPU
		{9532780E-B6CF-4237-BC5F-DA3F86D0BEF4}.Release|Any CPU.Build.0 = Release|Any CPU
		{BCACE1D3-1414-4A06-BAB0-4E900B0633BA}.Debug|Any CPU.ActiveCfg = Debug|Any CPU
		{BCACE1D3-1414-4A06-BAB0-4E900B0633BA}.Debug|Any CPU.Build.0 = Debug|Any CPU
		{BCACE1D3-1414-4A06-BAB0-4E900B0633BA}.Release|Any CPU.ActiveCfg = Release|Any CPU
		{BCACE1D3-1414-4A06-BAB0-4E900B0633BA}.Release|Any CPU.Build.0 = Release|Any CPU
		{7EA0D9BB-4958-40A2-966D-F2DA38C210AA}.Debug|Any CPU.ActiveCfg = Debug|Any CPU
		{7EA0D9BB-4958-40A2-966D-F2DA38C210AA}.Debug|Any CPU.Build.0 = Debug|Any CPU
		{7EA0D9BB-4958-40A2-966D-F2DA38C210AA}.Release|Any CPU.ActiveCfg = Release|Any CPU
		{7EA0D9BB-4958-40A2-966D-F2DA38C210AA}.Release|Any CPU.Build.0 = Release|Any CPU
		{F1EEABD2-15DA-4A92-AF85-71397D55A685}.Debug|Any CPU.ActiveCfg = Debug|Any CPU
		{F1EEABD2-15DA-4A92-AF85-71397D55A685}.Debug|Any CPU.Build.0 = Debug|Any CPU
		{F1EEABD2-15DA-4A92-AF85-71397D55A685}.Release|Any CPU.ActiveCfg = Release|Any CPU
		{F1EEABD2-15DA-4A92-AF85-71397D55A685}.Release|Any CPU.Build.0 = Release|Any CPU
	EndGlobalSection
	GlobalSection(NestedProjects) = preSolution
		{D459961C-7921-4FAF-8054-E7286F356B8E} = {355439D2-878D-402D-9B6F-6DFB61FD3C56}
		{E32C1DD3-666A-46A6-A82B-4D43659DAC8B} = {355439D2-878D-402D-9B6F-6DFB61FD3C56}
		{A3CC96BD-B46F-400C-9E92-5AE25938A072} = {355439D2-878D-402D-9B6F-6DFB61FD3C56}
		{08F4D4D6-C8C8-40EA-8756-25989D1E8E9D} = {355439D2-878D-402D-9B6F-6DFB61FD3C56}
		{7FBB9DF6-9F62-4D47-87E0-168E155E4DED} = {CE2B5903-E96B-4326-8B51-94990B9B4DC6}
		{7B5B13D9-8839-434A-9010-DFF3C339D950} = {355439D2-878D-402D-9B6F-6DFB61FD3C56}
		{9532780E-B6CF-4237-BC5F-DA3F86D0BEF4} = {7B5B13D9-8839-434A-9010-DFF3C339D950}
		{BCACE1D3-1414-4A06-BAB0-4E900B0633BA} = {7B5B13D9-8839-434A-9010-DFF3C339D950}
		{7EA0D9BB-4958-40A2-966D-F2DA38C210AA} = {7B5B13D9-8839-434A-9010-DFF3C339D950}
		{F1EEABD2-15DA-4A92-AF85-71397D55A685} = {355439D2-878D-402D-9B6F-6DFB61FD3C56}
	EndGlobalSection
EndGlobal
